
Microsoft Visual Studio Solution File, Format Version 12.00
# Visual Studio Version 17
VisualStudioVersion = 17.13.35828.75 d17.13
MinimumVisualStudioVersion = 10.0.40219.1
Project("{8BC9CEB8-8B4A-11D0-8D11-00A0C91BC942}") = "20251398", "20251398\20251398.vcxproj", "{C0B3406F-8F34-434C-92E5-8AB42D83B10B}"
EndProject
Global
	GlobalSection(SolutionConfigurationPlatforms) = preSolution
		Debug|x64 = Debug|x64
		Debug|x86 = Debug|x86
		Release|x64 = Release|x64
		Release|x86 = Release|x86
	EndGlobalSection
	GlobalSection(ProjectConfigurationPlatforms) = postSolution
		{C0B3406F-8F34-434C-92E5-8AB42D83B10B}.Debug|x64.ActiveCfg = Debug|x64
		{C0B3406F-8F34-434C-92E5-8AB42D83B10B}.Debug|x64.Build.0 = Debug|x64
		{C0B3406F-8F34-434C-92E5-8AB42D83B10B}.Debug|x86.ActiveCfg = Debug|Win32
		{C0B3406F-8F34-434C-92E5-8AB42D83B10B}.Debug|x86.Build.0 = Debug|Win32
		{C0B3406F-8F34-434C-92E5-8AB42D83B10B}.Release|x64.ActiveCfg = Release|x64
		{C0B3406F-8F34-434C-92E5-8AB42D83B10B}.Release|x64.Build.0 = Release|x64
		{C0B3406F-8F34-434C-92E5-8AB42D83B10B}.Release|x86.ActiveCfg = Release|Win32
		{C0B3406F-8F34-434C-92E5-8AB42D83B10B}.Release|x86.Build.0 = Release|Win32
	EndGlobalSection
	GlobalSection(SolutionProperties) = preSolution
		HideSolutionNode = FALSE
	EndGlobalSection
	GlobalSection(ExtensibilityGlobals) = postSolution
		SolutionGuid = {1D602463-86AA-4B2C-8B73-D180B87F461B}
	EndGlobalSection
EndGlobal
